
Microsoft Visual Studio Solution File, Format Version 12.00
# Visual Studio Version 17
VisualStudioVersion = 17.5.33627.172
MinimumVisualStudioVersion = 10.0.40219.1
Project("{FAE04EC0-301F-11D3-BF4B-00C04F79EFBC}") = "API", "API\API.csproj", "{0D10687B-8557-4385-9D13-3B9A31C75FD6}"
EndProject
Global
	GlobalSection(SolutionConfigurationPlatforms) = preSolution
		Debug|Any CPU = Debug|Any CPU
		Release|Any CPU = Release|Any CPU
	EndGlobalSection
	GlobalSection(ProjectConfigurationPlatforms) = postSolution
		{0D10687B-8557-4385-9D13-3B9A31C75FD6}.Debug|Any CPU.ActiveCfg = Debug|Any CPU
		{0D10687B-8557-4385-9D13-3B9A31C75FD6}.Debug|Any CPU.Build.0 = Debug|Any CPU
		{0D10687B-8557-4385-9D13-3B9A31C75FD6}.Release|Any CPU.ActiveCfg = Release|Any CPU
		{0D10687B-8557-4385-9D13-3B9A31C75FD6}.Release|Any CPU.Build.0 = Release|Any CPU
	EndGlobalSection
	GlobalSection(SolutionProperties) = preSolution
		HideSolutionNode = FALSE
	EndGlobalSection
	GlobalSection(ExtensibilityGlobals) = postSolution
		SolutionGuid = {7DA4821C-4F1E-4CD7-AA1F-77DD6FC739D9}
	EndGlobalSection
EndGlobal
